
Microsoft Visual Studio Solution File, Format Version 12.00
# Visual Studio Version 17
VisualStudioVersion = 17.13.35919.96 d17.13
MinimumVisualStudioVersion = 10.0.40219.1
Project("{FAE04EC0-301F-11D3-BF4B-00C04F79EFBC}") = "N9__YP__Task-3_09.04.2025", "N9__YP__Task-3_09.04.2025.csproj", "{2F2DC74B-1E5B-4B10-8906-799559EBB9A9}"
EndProject
Global
	GlobalSection(SolutionConfigurationPlatforms) = preSolution
		Debug|Any CPU = Debug|Any CPU
		Release|Any CPU = Release|Any CPU
	EndGlobalSection
	GlobalSection(ProjectConfigurationPlatforms) = postSolution
		{2F2DC74B-1E5B-4B10-8906-799559EBB9A9}.Debug|Any CPU.ActiveCfg = Debug|Any CPU
		{2F2DC74B-1E5B-4B10-8906-799559EBB9A9}.Debug|Any CPU.Build.0 = Debug|Any CPU
		{2F2DC74B-1E5B-4B10-8906-799559EBB9A9}.Release|Any CPU.ActiveCfg = Release|Any CPU
		{2F2DC74B-1E5B-4B10-8906-799559EBB9A9}.Release|Any CPU.Build.0 = Release|Any CPU
	EndGlobalSection
	GlobalSection(SolutionProperties) = preSolution
		HideSolutionNode = FALSE
	EndGlobalSection
	GlobalSection(ExtensibilityGlobals) = postSolution
		SolutionGuid = {D3A150B0-9702-4ED3-92DD-26A8F003CD9A}
	EndGlobalSection
EndGlobal
